
Microsoft Visual Studio Solution File, Format Version 12.00
# Visual Studio Version 17
VisualStudioVersion = 17.11.35312.102
MinimumVisualStudioVersion = 10.0.40219.1
Project("{FAE04EC0-301F-11D3-BF4B-00C04F79EFBC}") = "zd4_ratovskij.Android", "zd4_ratovskij.Android\zd4_ratovskij.Android.csproj", "{4A0BD1F3-4CC4-47B8-92E9-38500381E7A4}"
EndProject
Project("{9A19103F-16F7-4668-BE54-9A1E7A4F7556}") = "zd4_ratovskij", "zd4_ratovskij\zd4_ratovskij.csproj", "{AB318C2F-0838-47DA-AA4F-A060E8055CE6}"
EndProject
Project("{9A19103F-16F7-4668-BE54-9A1E7A4F7556}") = "CreditCalculatorTestsLibrary", "CreditCalculatorTestsLibrary\CreditCalculatorTestsLibrary.csproj", "{D4C3CF2A-5121-4D38-BE18-C83A3F4A47D0}"
EndProject
Global
	GlobalSection(SolutionConfigurationPlatforms) = preSolution
		Debug|Any CPU = Debug|Any CPU
		Release|Any CPU = Release|Any CPU
	EndGlobalSection
	GlobalSection(ProjectConfigurationPlatforms) = postSolution
		{4A0BD1F3-4CC4-47B8-92E9-38500381E7A4}.Debug|Any CPU.ActiveCfg = Debug|Any CPU
		{4A0BD1F3-4CC4-47B8-92E9-38500381E7A4}.Debug|Any CPU.Build.0 = Debug|Any CPU
		{4A0BD1F3-4CC4-47B8-92E9-38500381E7A4}.Debug|Any CPU.Deploy.0 = Debug|Any CPU
		{4A0BD1F3-4CC4-47B8-92E9-38500381E7A4}.Release|Any CPU.ActiveCfg = Release|Any CPU
		{4A0BD1F3-4CC4-47B8-92E9-38500381E7A4}.Release|Any CPU.Build.0 = Release|Any CPU
		{4A0BD1F3-4CC4-47B8-92E9-38500381E7A4}.Release|Any CPU.Deploy.0 = Release|Any CPU
		{AB318C2F-0838-47DA-AA4F-A060E8055CE6}.Debug|Any CPU.ActiveCfg = Debug|Any CPU
		{AB318C2F-0838-47DA-AA4F-A060E8055CE6}.Debug|Any CPU.Build.0 = Debug|Any CPU
		{AB318C2F-0838-47DA-AA4F-A060E8055CE6}.Debug|Any CPU.Deploy.0 = Debug|Any CPU
		{AB318C2F-0838-47DA-AA4F-A060E8055CE6}.Release|Any CPU.ActiveCfg = Release|Any CPU
		{AB318C2F-0838-47DA-AA4F-A060E8055CE6}.Release|Any CPU.Build.0 = Release|Any CPU
		{AB318C2F-0838-47DA-AA4F-A060E8055CE6}.Release|Any CPU.Deploy.0 = Release|Any CPU
		{D4C3CF2A-5121-4D38-BE18-C83A3F4A47D0}.Debug|Any CPU.ActiveCfg = Debug|Any CPU
		{D4C3CF2A-5121-4D38-BE18-C83A3F4A47D0}.Debug|Any CPU.Build.0 = Debug|Any CPU
		{D4C3CF2A-5121-4D38-BE18-C83A3F4A47D0}.Release|Any CPU.ActiveCfg = Release|Any CPU
		{D4C3CF2A-5121-4D38-BE18-C83A3F4A47D0}.Release|Any CPU.Build.0 = Release|Any CPU
	EndGlobalSection
	GlobalSection(SolutionProperties) = preSolution
		HideSolutionNode = FALSE
	EndGlobalSection
	GlobalSection(ExtensibilityGlobals) = postSolution
		SolutionGuid = {CFFBA538-166E-4C2B-B6EA-744B145E0E78}
	EndGlobalSection
EndGlobal
